
Microsoft Visual Studio Solution File, Format Version 12.00
# Visual Studio Version 16
VisualStudioVersion = 16.0.30309.148
MinimumVisualStudioVersion = 10.0.40219.1
Project("{FAE04EC0-301F-11D3-BF4B-00C04F79EFBC}") = "HackerNews Web Application", "HackerNews Web Application\HackerNews Web Application.csproj", "{0AB266FD-E356-4D74-8E23-45F45375FB7E}"
EndProject
Global
	GlobalSection(SolutionConfigurationPlatforms) = preSolution
		Debug|Any CPU = Debug|Any CPU
		Release|Any CPU = Release|Any CPU
	EndGlobalSection
	GlobalSection(ProjectConfigurationPlatforms) = postSolution
		{0AB266FD-E356-4D74-8E23-45F45375FB7E}.Debug|Any CPU.ActiveCfg = Debug|Any CPU
		{0AB266FD-E356-4D74-8E23-45F45375FB7E}.Debug|Any CPU.Build.0 = Debug|Any CPU
		{0AB266FD-E356-4D74-8E23-45F45375FB7E}.Release|Any CPU.ActiveCfg = Release|Any CPU
		{0AB266FD-E356-4D74-8E23-45F45375FB7E}.Release|Any CPU.Build.0 = Release|Any CPU
	EndGlobalSection
	GlobalSection(SolutionProperties) = preSolution
		HideSolutionNode = FALSE
	EndGlobalSection
	GlobalSection(ExtensibilityGlobals) = postSolution
		SolutionGuid = {2141FF1D-32F5-4203-B710-7C89E46890D1}
	EndGlobalSection
EndGlobal
